// !$*UTF8*$!
{
	archiveVersion = 1;
	classes = {
	};
	objectVersion = 77;
	objects = {

/* Begin PBXBuildFile section */
		9DA544982E0F5BE5000F1741 /* llama.xcframework in Frameworks */ = {isa = PBXBuildFile; fileRef = 9DD406A22E0F550B002616C7 /* llama.xcframework */; };
		9DA544992E0F5BE5000F1741 /* llama.xcframework in Embed Frameworks */ = {isa = PBXBuildFile; fileRef = 9DD406A22E0F550B002616C7 /* llama.xcframework */; settings = {ATTRIBUTES = (CodeSignOnCopy, RemoveHeadersOnCopy, ); }; };
		9DA5449F2E0F601C000F1741 /* whisper 2.xcframework in Frameworks */ = {isa = PBXBuildFile; fileRef = 9DA5449D2E0F5FF7000F1741 /* whisper 2.xcframework */; };
		9DA544A02E0F601C000F1741 /* whisper 2.xcframework in Embed Frameworks */ = {isa = PBXBuildFile; fileRef = 9DA5449D2E0F5FF7000F1741 /* whisper 2.xcframework */; settings = {ATTRIBUTES = (CodeSignOnCopy, RemoveHeadersOnCopy, ); }; };
		9DFFBEC22E0AAD5700C3B914 /* ZIPFoundation in Frameworks */ = {isa = PBXBuildFile; productRef = 9DFFBEC12E0AAD5700C3B914 /* ZIPFoundation */; };
		9DFFBEC62E0AB1D200C3B914 /* AppMain.swift in Sources */ = {isa = PBXBuildFile; fileRef = 9DFFBEC32E0AB1D200C3B914 /* AppMain.swift */; };
/* End PBXBuildFile section */

/* Begin PBXContainerItemProxy section */
		9DEBA3112E09E5DC000FDFCD /* PBXContainerItemProxy */ = {
			isa = PBXContainerItemProxy;
			containerPortal = 9DEBA2F92E09E5DB000FDFCD /* Project object */;
			proxyType = 1;
			remoteGlobalIDString = 9DEBA3002E09E5DB000FDFCD;
			remoteInfo = formavoice;
		};
		9DEBA31B2E09E5DC000FDFCD /* PBXContainerItemProxy */ = {
			isa = PBXContainerItemProxy;
			containerPortal = 9DEBA2F92E09E5DB000FDFCD /* Project object */;
			proxyType = 1;
			remoteGlobalIDString = 9DEBA3002E09E5DB000FDFCD;
			remoteInfo = formavoice;
		};
/* End PBXContainerItemProxy section */

/* Begin PBXCopyFilesBuildPhase section */
		9DA5449A2E0F5BE5000F1741 /* Embed Frameworks */ = {
			isa = PBXCopyFilesBuildPhase;
			buildActionMask = 2147483647;
			dstPath = "";
			dstSubfolderSpec = 10;
			files = (
				9DA544A02E0F601C000F1741 /* whisper 2.xcframework in Embed Frameworks */,
				9DA544992E0F5BE5000F1741 /* llama.xcframework in Embed Frameworks */,
			);
			name = "Embed Frameworks";
			runOnlyForDeploymentPostprocessing = 0;
		};
/* End PBXCopyFilesBuildPhase section */

/* Begin PBXFileReference section */
		9DA5449D2E0F5FF7000F1741 /* whisper 2.xcframework */ = {isa = PBXFileReference; lastKnownFileType = wrapper.xcframework; path = "whisper 2.xcframework"; sourceTree = "<group>"; };
		9DD406A22E0F550B002616C7 /* llama.xcframework */ = {isa = PBXFileReference; lastKnownFileType = wrapper.xcframework; path = llama.xcframework; sourceTree = "<group>"; };
		9DFFBEBC2E0AACDC00C3B914 /* formavoice.app */ = {isa = PBXFileReference; explicitFileType = wrapper.application; includeInIndex = 0; path = formavoice.app; sourceTree = BUILT_PRODUCTS_DIR; };
		9DFFBEBD2E0AACDC00C3B914 /* formavoiceTests.xctest */ = {isa = PBXFileReference; explicitFileType = wrapper.cfbundle; includeInIndex = 0; path = formavoiceTests.xctest; sourceTree = BUILT_PRODUCTS_DIR; };
		9DFFBEBE2E0AACDC00C3B914 /* formavoiceUITests.xctest */ = {isa = PBXFileReference; explicitFileType = wrapper.cfbundle; includeInIndex = 0; path = formavoiceUITests.xctest; sourceTree = BUILT_PRODUCTS_DIR; };
		9DFFBEC32E0AB1D200C3B914 /* AppMain.swift */ = {isa = PBXFileReference; lastKnownFileType = sourcecode.swift; path = AppMain.swift; sourceTree = "<group>"; };
		9DFFBEC42E0AB1D200C3B914 /* Info.plist */ = {isa = PBXFileReference; lastKnownFileType = text.plist.xml; path = Info.plist; sourceTree = "<group>"; };
		9DFFBEC92E0B5D5000C3B914 /* libwhisper.a */ = {isa = PBXFileReference; lastKnownFileType = archive.ar; name = libwhisper.a; path = Vendor/whisper.cpp/build/macos/src/libwhisper.a; sourceTree = "<group>"; };
		9DFFBECB2E0B5DA100C3B914 /* libllama.a */ = {isa = PBXFileReference; lastKnownFileType = archive.ar; name = libllama.a; path = Vendor/llama.cpp/build/macos/src/libllama.a; sourceTree = "<group>"; };
		9DFFBECD2E0B5F6500C3B914 /* libllama.a */ = {isa = PBXFileReference; lastKnownFileType = archive.ar; name = libllama.a; path = Vendor/llama.cpp/build/ios/src/libllama.a; sourceTree = "<group>"; };
		9DFFBECF2E0B5F8400C3B914 /* libwhisper.a */ = {isa = PBXFileReference; lastKnownFileType = archive.ar; name = libwhisper.a; path = Vendor/whisper.cpp/build/ios/src/libwhisper.a; sourceTree = "<group>"; };
/* End PBXFileReference section */

/* Begin PBXFileSystemSynchronizedBuildFileExceptionSet section */
		9DFFBEBA2E0AAC7200C3B914 /* Exceptions for "Sources" folder in "formavoice" target */ = {
			isa = PBXFileSystemSynchronizedBuildFileExceptionSet;
			membershipExceptions = (
				Application/AppDelegate.swift,
				Bridges/LLMBridge.mm,
				Bridges/WhisperBridge.mm,
				"Bridges/WhisperBridge+Unload.mm",
				Components/AnimatedWaveform.swift,
				Components/BannerView.swift,
				Components/CardView.swift,
				Components/FilledButton.swift,
				Components/FormRow.swift,
				Components/FormRowValidated.swift,
				Components/Haptic.swift,
				Components/HelpTooltip.swift,
				Components/ToastCenter.swift,
				Constants/ModelPaths.swift,
				Coordinators/AppCoordinator.swift,
				DesignSystem/AppTheme.swift,
				DesignSystem/ColorTokens.swift,
				DesignSystem/FontTokens.swift,
				DesignSystem/GlobalStyle.swift,
				DesignSystem/Spacing.swift,
				Diagnostics/Log.swift,
				Diagnostics/Logger.swift,
				Environment/AppEnvironment.swift,
				"Extensions/CGFloat+PDF.swift",
				"Extensions/ModelContext+Shared.swift",
				"Extensions/URL+SecureWrite.swift",
				"Extensions/View+Accessible.swift",
				Managers/BatteryWatcher.swift,
				Managers/TemplateManager.swift,
				Metal/WaveFragment.metal,
				Metal/WaveVertex.metal,
				Models/FormTemplate.swift,
				Models/RecordingSession.swift,
				Navigation/RootView.swift,
				Navigation/Router.swift,
				Onboarding/EnhancedOnboardingView.swift,
				Onboarding/GDPRConsentView.swift,
				Services/AudioProcessor.swift,
				Services/CrashLogger.swift,
				Services/LLMFormFillerService.swift,
				Services/MemoryWarningHandler.swift,
				Services/PDFGeneratorService.swift,
				Services/TemplateValidationService.swift,
				Services/TokenThrottle.swift,
				Stubs/BridgesSwiftStub.swift,
				Utilities/AppSizeCheck.swift,
				"Utilities/Dispatch+MainSafe.swift",
				Utilities/FocusableField.swift,
				Utilities/KeyboardAvoidance.swift,
				Utilities/LayoutAwareModifier.swift,
				Utilities/StorageProtectionChecker.swift,
				ViewModels/JSONCorrectionService.swift,
				ViewModels/RecordingViewModel.swift,
				Views/Dashboard/DashboardView.swift,
				Views/ExportAllView.swift,
				Views/PDFExportProgressView.swift,
				Views/PDFPreviewView.swift,
				Views/RecordingView.swift,
				Views/ReviewAndEditView.swift,
				Views/SettingsView.swift,
				Views/TemplatePickerView.swift,
				Views/WaveformView.swift,
			);
			target = 9DEBA3002E09E5DB000FDFCD /* formavoice */;
		};
		9DFFBEBB2E0AAC7200C3B914 /* Exceptions for "Sources" folder in "formavoiceTests" target */ = {
			isa = PBXFileSystemSynchronizedBuildFileExceptionSet;
			membershipExceptions = (
				Application/AppDelegate.swift,
				Bridges/LLMBridge.mm,
				Bridges/WhisperBridge.mm,
				"Bridges/WhisperBridge+Unload.mm",
				Components/AnimatedWaveform.swift,
				Components/BannerView.swift,
				Components/CardView.swift,
				Components/FilledButton.swift,
				Components/FormRow.swift,
				Components/FormRowValidated.swift,
				Components/Haptic.swift,
				Components/HelpTooltip.swift,
				Components/ToastCenter.swift,
				Constants/ModelPaths.swift,
				Coordinators/AppCoordinator.swift,
				DesignSystem/AppTheme.swift,
				DesignSystem/ColorTokens.swift,
				DesignSystem/FontTokens.swift,
				DesignSystem/GlobalStyle.swift,
				DesignSystem/Spacing.swift,
				Diagnostics/Log.swift,
				Diagnostics/Logger.swift,
				Environment/AppEnvironment.swift,
				"Extensions/CGFloat+PDF.swift",
				"Extensions/ModelContext+Shared.swift",
				"Extensions/URL+SecureWrite.swift",
				"Extensions/View+Accessible.swift",
				Managers/BatteryWatcher.swift,
				Managers/TemplateManager.swift,
				Metal/WaveFragment.metal,
				Metal/WaveVertex.metal,
				Models/FormTemplate.swift,
				Models/RecordingSession.swift,
				Navigation/RootView.swift,
				Navigation/Router.swift,
				Onboarding/EnhancedOnboardingView.swift,
				Onboarding/GDPRConsentView.swift,
				Services/AudioProcessor.swift,
				Services/CrashLogger.swift,
				Services/LLMFormFillerService.swift,
				Services/MemoryWarningHandler.swift,
				Services/PDFGeneratorService.swift,
				Services/TemplateValidationService.swift,
				Services/TokenThrottle.swift,
				Stubs/BridgesSwiftStub.swift,
				Utilities/AppSizeCheck.swift,
				"Utilities/Dispatch+MainSafe.swift",
				Utilities/FocusableField.swift,
				Utilities/KeyboardAvoidance.swift,
				Utilities/LayoutAwareModifier.swift,
				Utilities/StorageProtectionChecker.swift,
				ViewModels/JSONCorrectionService.swift,
				ViewModels/RecordingViewModel.swift,
				Views/Dashboard/DashboardView.swift,
				Views/ExportAllView.swift,
				Views/PDFExportProgressView.swift,
				Views/PDFPreviewView.swift,
				Views/RecordingView.swift,
				Views/ReviewAndEditView.swift,
				Views/SettingsView.swift,
				Views/TemplatePickerView.swift,
				Views/WaveformView.swift,
			);
			target = 9DEBA30F2E09E5DC000FDFCD /* formavoiceTests */;
		};
/* End PBXFileSystemSynchronizedBuildFileExceptionSet section */

/* Begin PBXFileSystemSynchronizedRootGroup section */
		9DEBA3032E09E5DB000FDFCD /* formavoice */ = {
			isa = PBXFileSystemSynchronizedRootGroup;
			path = formavoice;
			sourceTree = "<group>";
		};
		9DEBA3132E09E5DC000FDFCD /* formavoiceTests */ = {
			isa = PBXFileSystemSynchronizedRootGroup;
			path = formavoiceTests;
			sourceTree = "<group>";
		};
		9DEBA31D2E09E5DC000FDFCD /* formavoiceUITests */ = {
			isa = PBXFileSystemSynchronizedRootGroup;
			path = formavoiceUITests;
			sourceTree = "<group>";
		};
		9DFFBDFF2E0AAC7200C3B914 /* Sources */ = {
			isa = PBXFileSystemSynchronizedRootGroup;
			exceptions = (
				9DFFBEBA2E0AAC7200C3B914 /* Exceptions for "Sources" folder in "formavoice" target */,
				9DFFBEBB2E0AAC7200C3B914 /* Exceptions for "Sources" folder in "formavoiceTests" target */,
			);
			path = Sources;
			sourceTree = "<group>";
		};
/* End PBXFileSystemSynchronizedRootGroup section */

/* Begin PBXFrameworksBuildPhase section */
		9DEBA2FE2E09E5DB000FDFCD /* Frameworks */ = {
			isa = PBXFrameworksBuildPhase;
			buildActionMask = 2147483647;
			files = (
				9DFFBEC22E0AAD5700C3B914 /* ZIPFoundation in Frameworks */,
				9DA5449F2E0F601C000F1741 /* whisper 2.xcframework in Frameworks */,
				9DA544982E0F5BE5000F1741 /* llama.xcframework in Frameworks */,
			);
			runOnlyForDeploymentPostprocessing = 0;
		};
		9DEBA30D2E09E5DC000FDFCD /* Frameworks */ = {
			isa = PBXFrameworksBuildPhase;
			buildActionMask = 2147483647;
			files = (
			);
			runOnlyForDeploymentPostprocessing = 0;
		};
		9DEBA3172E09E5DC000FDFCD /* Frameworks */ = {
			isa = PBXFrameworksBuildPhase;
			buildActionMask = 2147483647;
			files = (
			);
			runOnlyForDeploymentPostprocessing = 0;
		};
/* End PBXFrameworksBuildPhase section */

/* Begin PBXGroup section */
		9DEBA2F82E09E5DB000FDFCD = {
			isa = PBXGroup;
			children = (
				9DEBA3032E09E5DB000FDFCD /* formavoice */,
				9DEBA3132E09E5DC000FDFCD /* formavoiceTests */,
				9DEBA31D2E09E5DC000FDFCD /* formavoiceUITests */,
				9DFFBDFF2E0AAC7200C3B914 /* Sources */,
				9DFFBEBC2E0AACDC00C3B914 /* formavoice.app */,
				9DFFBEBD2E0AACDC00C3B914 /* formavoiceTests.xctest */,
				9DFFBEBE2E0AACDC00C3B914 /* formavoiceUITests.xctest */,
				9DFFBEC52E0AB1D200C3B914 /* AppExecutable */,
				9DFFBEC82E0B5D5000C3B914 /* Frameworks */,
			);
			sourceTree = "<group>";
		};
		9DFFBEC52E0AB1D200C3B914 /* AppExecutable */ = {
			isa = PBXGroup;
			children = (
				9DFFBEC32E0AB1D200C3B914 /* AppMain.swift */,
				9DFFBEC42E0AB1D200C3B914 /* Info.plist */,
			);
			path = AppExecutable;
			sourceTree = "<group>";
		};
		9DFFBEC82E0B5D5000C3B914 /* Frameworks */ = {
			isa = PBXGroup;
			children = (
				9DA5449D2E0F5FF7000F1741 /* whisper 2.xcframework */,
				9DD406A22E0F550B002616C7 /* llama.xcframework */,
				9DFFBECF2E0B5F8400C3B914 /* libwhisper.a */,
				9DFFBECB2E0B5DA100C3B914 /* libllama.a */,
				9DFFBECD2E0B5F6500C3B914 /* libllama.a */,
				9DFFBEC92E0B5D5000C3B914 /* libwhisper.a */,
			);
			name = Frameworks;
			sourceTree = "<group>";
		};
/* End PBXGroup section */

/* Begin PBXNativeTarget section */
		9DEBA3002E09E5DB000FDFCD /* formavoice */ = {
			isa = PBXNativeTarget;
			buildConfigurationList = 9DEBA3242E09E5DC000FDFCD /* Build configuration list for PBXNativeTarget "formavoice" */;
			buildPhases = (
				9DEBA2FD2E09E5DB000FDFCD /* Sources */,
				9DEBA2FE2E09E5DB000FDFCD /* Frameworks */,
				9DEBA2FF2E09E5DB000FDFCD /* Resources */,
				9DA5449A2E0F5BE5000F1741 /* Embed Frameworks */,
			);
			buildRules = (
			);
			dependencies = (
			);
			fileSystemSynchronizedGroups = (
				9DEBA3032E09E5DB000FDFCD /* formavoice */,
			);
			name = formavoice;
			packageProductDependencies = (
				9DFFBEC12E0AAD5700C3B914 /* ZIPFoundation */,
			);
			productName = formavoice;
			productReference = 9DFFBEBC2E0AACDC00C3B914 /* formavoice.app */;
			productType = "com.apple.product-type.application";
		};
		9DEBA30F2E09E5DC000FDFCD /* formavoiceTests */ = {
			isa = PBXNativeTarget;
			buildConfigurationList = 9DEBA3272E09E5DC000FDFCD /* Build configuration list for PBXNativeTarget "formavoiceTests" */;
			buildPhases = (
				9DEBA30C2E09E5DC000FDFCD /* Sources */,
				9DEBA30D2E09E5DC000FDFCD /* Frameworks */,
				9DEBA30E2E09E5DC000FDFCD /* Resources */,
			);
			buildRules = (
			);
			dependencies = (
				9DEBA3122E09E5DC000FDFCD /* PBXTargetDependency */,
			);
			fileSystemSynchronizedGroups = (
				9DEBA3132E09E5DC000FDFCD /* formavoiceTests */,
			);
			name = formavoiceTests;
			packageProductDependencies = (
			);
			productName = formavoiceTests;
			productReference = 9DFFBEBD2E0AACDC00C3B914 /* formavoiceTests.xctest */;
			productType = "com.apple.product-type.bundle.unit-test";
		};
		9DEBA3192E09E5DC000FDFCD /* formavoiceUITests */ = {
			isa = PBXNativeTarget;
			buildConfigurationList = 9DEBA32A2E09E5DC000FDFCD /* Build configuration list for PBXNativeTarget "formavoiceUITests" */;
			buildPhases = (
				9DEBA3162E09E5DC000FDFCD /* Sources */,
				9DEBA3172E09E5DC000FDFCD /* Frameworks */,
				9DEBA3182E09E5DC000FDFCD /* Resources */,
			);
			buildRules = (
			);
			dependencies = (
				9DEBA31C2E09E5DC000FDFCD /* PBXTargetDependency */,
			);
			fileSystemSynchronizedGroups = (
				9DEBA31D2E09E5DC000FDFCD /* formavoiceUITests */,
				9DFFBDFF2E0AAC7200C3B914 /* Sources */,
			);
			name = formavoiceUITests;
			packageProductDependencies = (
			);
			productName = formavoiceUITests;
			productReference = 9DFFBEBE2E0AACDC00C3B914 /* formavoiceUITests.xctest */;
			productType = "com.apple.product-type.bundle.ui-testing";
		};
/* End PBXNativeTarget section */

/* Begin PBXProject section */
		9DEBA2F92E09E5DB000FDFCD /* Project object */ = {
			isa = PBXProject;
			attributes = {
				BuildIndependentTargetsInParallel = 1;
				LastSwiftUpdateCheck = 1640;
				LastUpgradeCheck = 1640;
				TargetAttributes = {
					9DEBA3002E09E5DB000FDFCD = {
						CreatedOnToolsVersion = 16.4;
					};
					9DEBA30F2E09E5DC000FDFCD = {
						CreatedOnToolsVersion = 16.4;
						TestTargetID = 9DEBA3002E09E5DB000FDFCD;
					};
					9DEBA3192E09E5DC000FDFCD = {
						CreatedOnToolsVersion = 16.4;
						TestTargetID = 9DEBA3002E09E5DB000FDFCD;
					};
				};
			};
			buildConfigurationList = 9DEBA2FC2E09E5DB000FDFCD /* Build configuration list for PBXProject "formavoice" */;
			developmentRegion = en;
			hasScannedForEncodings = 0;
			knownRegions = (
				en,
				Base,
			);
			mainGroup = 9DEBA2F82E09E5DB000FDFCD;
			minimizedProjectReferenceProxies = 1;
			packageReferences = (
				9DFFBEC02E0AAD5700C3B914 /* XCRemoteSwiftPackageReference "ZIPFoundation" */,
			);
			preferredProjectObjectVersion = 77;
			productRefGroup = 9DEBA2F82E09E5DB000FDFCD;
			projectDirPath = "";
			projectRoot = "";
			targets = (
				9DEBA3002E09E5DB000FDFCD /* formavoice */,
				9DEBA30F2E09E5DC000FDFCD /* formavoiceTests */,
				9DEBA3192E09E5DC000FDFCD /* formavoiceUITests */,
			);
		};
/* End PBXProject section */

/* Begin PBXResourcesBuildPhase section */
		9DEBA2FF2E09E5DB000FDFCD /* Resources */ = {
			isa = PBXResourcesBuildPhase;
			buildActionMask = 2147483647;
			files = (
			);
			runOnlyForDeploymentPostprocessing = 0;
		};
		9DEBA30E2E09E5DC000FDFCD /* Resources */ = {
			isa = PBXResourcesBuildPhase;
			buildActionMask = 2147483647;
			files = (
			);
			runOnlyForDeploymentPostprocessing = 0;
		};
		9DEBA3182E09E5DC000FDFCD /* Resources */ = {
			isa = PBXResourcesBuildPhase;
			buildActionMask = 2147483647;
			files = (
			);
			runOnlyForDeploymentPostprocessing = 0;
		};
/* End PBXResourcesBuildPhase section */

/* Begin PBXSourcesBuildPhase section */
		9DEBA2FD2E09E5DB000FDFCD /* Sources */ = {
			isa = PBXSourcesBuildPhase;
			buildActionMask = 2147483647;
			files = (
				9DFFBEC62E0AB1D200C3B914 /* AppMain.swift in Sources */,
			);
			runOnlyForDeploymentPostprocessing = 0;
		};
		9DEBA30C2E09E5DC000FDFCD /* Sources */ = {
			isa = PBXSourcesBuildPhase;
			buildActionMask = 2147483647;
			files = (
			);
			runOnlyForDeploymentPostprocessing = 0;
		};
		9DEBA3162E09E5DC000FDFCD /* Sources */ = {
			isa = PBXSourcesBuildPhase;
			buildActionMask = 2147483647;
			files = (
			);
			runOnlyForDeploymentPostprocessing = 0;
		};
/* End PBXSourcesBuildPhase section */

/* Begin PBXTargetDependency section */
		9DEBA3122E09E5DC000FDFCD /* PBXTargetDependency */ = {
			isa = PBXTargetDependency;
			target = 9DEBA3002E09E5DB000FDFCD /* formavoice */;
			targetProxy = 9DEBA3112E09E5DC000FDFCD /* PBXContainerItemProxy */;
		};
		9DEBA31C2E09E5DC000FDFCD /* PBXTargetDependency */ = {
			isa = PBXTargetDependency;
			target = 9DEBA3002E09E5DB000FDFCD /* formavoice */;
			targetProxy = 9DEBA31B2E09E5DC000FDFCD /* PBXContainerItemProxy */;
		};
/* End PBXTargetDependency section */

/* Begin XCBuildConfiguration section */
		9DEBA3222E09E5DC000FDFCD /* Debug */ = {
			isa = XCBuildConfiguration;
			buildSettings = {
				ALWAYS_SEARCH_USER_PATHS = NO;
				ASSETCATALOG_COMPILER_GENERATE_SWIFT_ASSET_SYMBOL_EXTENSIONS = YES;
				CLANG_ANALYZER_NONNULL = YES;
				CLANG_ANALYZER_NUMBER_OBJECT_CONVERSION = YES_AGGRESSIVE;
				CLANG_CXX_LANGUAGE_STANDARD = "gnu++20";
				CLANG_ENABLE_MODULES = YES;
				CLANG_ENABLE_OBJC_ARC = YES;
				CLANG_ENABLE_OBJC_WEAK = YES;
				CLANG_WARN_BLOCK_CAPTURE_AUTORELEASING = YES;
				CLANG_WARN_BOOL_CONVERSION = YES;
				CLANG_WARN_COMMA = YES;
				CLANG_WARN_CONSTANT_CONVERSION = YES;
				CLANG_WARN_DEPRECATED_OBJC_IMPLEMENTATIONS = YES;
				CLANG_WARN_DIRECT_OBJC_ISA_USAGE = YES_ERROR;
				CLANG_WARN_DOCUMENTATION_COMMENTS = YES;
				CLANG_WARN_EMPTY_BODY = YES;
				CLANG_WARN_ENUM_CONVERSION = YES;
				CLANG_WARN_INFINITE_RECURSION = YES;
				CLANG_WARN_INT_CONVERSION = YES;
				CLANG_WARN_NON_LITERAL_NULL_CONVERSION = YES;
				CLANG_WARN_OBJC_IMPLICIT_RETAIN_SELF = YES;
				CLANG_WARN_OBJC_LITERAL_CONVERSION = YES;
				CLANG_WARN_OBJC_ROOT_CLASS = YES_ERROR;
				CLANG_WARN_QUOTED_INCLUDE_IN_FRAMEWORK_HEADER = YES;
				CLANG_WARN_RANGE_LOOP_ANALYSIS = YES;
				CLANG_WARN_STRICT_PROTOTYPES = YES;
				CLANG_WARN_SUSPICIOUS_MOVE = YES;
				CLANG_WARN_UNGUARDED_AVAILABILITY = YES_AGGRESSIVE;
				CLANG_WARN_UNREACHABLE_CODE = YES;
				CLANG_WARN__DUPLICATE_METHOD_MATCH = YES;
				COPY_PHASE_STRIP = NO;
				DEBUG_INFORMATION_FORMAT = dwarf;
				DEVELOPMENT_TEAM = CHZPP8J8LH;
				ENABLE_STRICT_OBJC_MSGSEND = YES;
				ENABLE_TESTABILITY = YES;
				ENABLE_USER_SCRIPT_SANDBOXING = YES;
				GCC_C_LANGUAGE_STANDARD = gnu17;
				GCC_DYNAMIC_NO_PIC = NO;
				GCC_NO_COMMON_BLOCKS = YES;
				GCC_OPTIMIZATION_LEVEL = 0;
				GCC_PREPROCESSOR_DEFINITIONS = (
					"DEBUG=1",
					"$(inherited)",
				);
				GCC_WARN_64_TO_32_BIT_CONVERSION = YES;
				GCC_WARN_ABOUT_RETURN_TYPE = YES_ERROR;
				GCC_WARN_UNDECLARED_SELECTOR = YES;
				GCC_WARN_UNINITIALIZED_AUTOS = YES_AGGRESSIVE;
				GCC_WARN_UNUSED_FUNCTION = YES;
				GCC_WARN_UNUSED_VARIABLE = YES;
				IPHONEOS_DEPLOYMENT_TARGET = 18.5;
				LOCALIZATION_PREFERS_STRING_CATALOGS = YES;
				MTL_ENABLE_DEBUG_INFO = INCLUDE_SOURCE;
				MTL_FAST_MATH = YES;
				ONLY_ACTIVE_ARCH = YES;
				SDKROOT = iphoneos;
				SWIFT_ACTIVE_COMPILATION_CONDITIONS = "DEBUG $(inherited)";
				SWIFT_OPTIMIZATION_LEVEL = "-Onone";
			};
			name = Debug;
		};
		9DEBA3232E09E5DC000FDFCD /* Release */ = {
			isa = XCBuildConfiguration;
			buildSettings = {
				ALWAYS_SEARCH_USER_PATHS = NO;
				ASSETCATALOG_COMPILER_GENERATE_SWIFT_ASSET_SYMBOL_EXTENSIONS = YES;
				CLANG_ANALYZER_NONNULL = YES;
				CLANG_ANALYZER_NUMBER_OBJECT_CONVERSION = YES_AGGRESSIVE;
				CLANG_CXX_LANGUAGE_STANDARD = "gnu++20";
				CLANG_ENABLE_MODULES = YES;
				CLANG_ENABLE_OBJC_ARC = YES;
				CLANG_ENABLE_OBJC_WEAK = YES;
				CLANG_WARN_BLOCK_CAPTURE_AUTORELEASING = YES;
				CLANG_WARN_BOOL_CONVERSION = YES;
				CLANG_WARN_COMMA = YES;
				CLANG_WARN_CONSTANT_CONVERSION = YES;
				CLANG_WARN_DEPRECATED_OBJC_IMPLEMENTATIONS = YES;
				CLANG_WARN_DIRECT_OBJC_ISA_USAGE = YES_ERROR;
				CLANG_WARN_DOCUMENTATION_COMMENTS = YES;
				CLANG_WARN_EMPTY_BODY = YES;
				CLANG_WARN_ENUM_CONVERSION = YES;
				CLANG_WARN_INFINITE_RECURSION = YES;
				CLANG_WARN_INT_CONVERSION = YES;
				CLANG_WARN_NON_LITERAL_NULL_CONVERSION = YES;
				CLANG_WARN_OBJC_IMPLICIT_RETAIN_SELF = YES;
				CLANG_WARN_OBJC_LITERAL_CONVERSION = YES;
				CLANG_WARN_OBJC_ROOT_CLASS = YES_ERROR;
				CLANG_WARN_QUOTED_INCLUDE_IN_FRAMEWORK_HEADER = YES;
				CLANG_WARN_RANGE_LOOP_ANALYSIS = YES;
				CLANG_WARN_STRICT_PROTOTYPES = YES;
				CLANG_WARN_SUSPICIOUS_MOVE = YES;
				CLANG_WARN_UNGUARDED_AVAILABILITY = YES_AGGRESSIVE;
				CLANG_WARN_UNREACHABLE_CODE = YES;
				CLANG_WARN__DUPLICATE_METHOD_MATCH = YES;
				COPY_PHASE_STRIP = NO;
				DEBUG_INFORMATION_FORMAT = "dwarf-with-dsym";
				DEVELOPMENT_TEAM = CHZPP8J8LH;
				ENABLE_NS_ASSERTIONS = NO;
				ENABLE_STRICT_OBJC_MSGSEND = YES;
				ENABLE_USER_SCRIPT_SANDBOXING = YES;
				GCC_C_LANGUAGE_STANDARD = gnu17;
				GCC_NO_COMMON_BLOCKS = YES;
				GCC_WARN_64_TO_32_BIT_CONVERSION = YES;
				GCC_WARN_ABOUT_RETURN_TYPE = YES_ERROR;
				GCC_WARN_UNDECLARED_SELECTOR = YES;
				GCC_WARN_UNINITIALIZED_AUTOS = YES_AGGRESSIVE;
				GCC_WARN_UNUSED_FUNCTION = YES;
				GCC_WARN_UNUSED_VARIABLE = YES;
				IPHONEOS_DEPLOYMENT_TARGET = 18.5;
				LOCALIZATION_PREFERS_STRING_CATALOGS = YES;
				MTL_ENABLE_DEBUG_INFO = NO;
				MTL_FAST_MATH = YES;
				SDKROOT = iphoneos;
				SWIFT_COMPILATION_MODE = wholemodule;
				VALIDATE_PRODUCT = YES;
			};
			name = Release;
		};
		9DEBA3252E09E5DC000FDFCD /* Debug */ = {
			isa = XCBuildConfiguration;
			buildSettings = {
				ASSETCATALOG_COMPILER_APPICON_NAME = AppIcon;
				ASSETCATALOG_COMPILER_GLOBAL_ACCENT_COLOR_NAME = AccentColor;
				CODE_SIGN_STYLE = Automatic;
				CURRENT_PROJECT_VERSION = 1;
				DEVELOPMENT_TEAM = CHZPP8J8LH;
				ENABLE_PREVIEWS = YES;
				GENERATE_INFOPLIST_FILE = YES;
				"INFOPLIST_FILE[sdk=*]" = AppExecutable/Info.plist;
				INFOPLIST_KEY_UIApplicationSceneManifest_Generation = YES;
				INFOPLIST_KEY_UIApplicationSupportsIndirectInputEvents = YES;
				INFOPLIST_KEY_UILaunchScreen_Generation = YES;
				INFOPLIST_KEY_UISupportedInterfaceOrientations_iPad = "UIInterfaceOrientationPortrait UIInterfaceOrientationPortraitUpsideDown UIInterfaceOrientationLandscapeLeft UIInterfaceOrientationLandscapeRight";
				INFOPLIST_KEY_UISupportedInterfaceOrientations_iPhone = "UIInterfaceOrientationPortrait UIInterfaceOrientationLandscapeLeft UIInterfaceOrientationLandscapeRight";
				LD_RUNPATH_SEARCH_PATHS = (
					"$(inherited)",
					"@executable_path/Frameworks",
				);
				LIBRARY_SEARCH_PATHS = "$(inherited)";
				MARKETING_VERSION = 1.0;
				PRODUCT_BUNDLE_IDENTIFIER = "abu-aabid.formavoice";
				PRODUCT_NAME = "$(TARGET_NAME)";
				SWIFT_EMIT_LOC_STRINGS = YES;
				SWIFT_VERSION = 5.0;
				TARGETED_DEVICE_FAMILY = "1,2";
			};
			name = Debug;
		};
		9DEBA3262E09E5DC000FDFCD /* Release */ = {
			isa = XCBuildConfiguration;
			buildSettings = {
				ASSETCATALOG_COMPILER_APPICON_NAME = AppIcon;
				ASSETCATALOG_COMPILER_GLOBAL_ACCENT_COLOR_NAME = AccentColor;
				CODE_SIGN_STYLE = Automatic;
				CURRENT_PROJECT_VERSION = 1;
				DEVELOPMENT_TEAM = CHZPP8J8LH;
				ENABLE_PREVIEWS = YES;
				GENERATE_INFOPLIST_FILE = YES;
				INFOPLIST_KEY_UIApplicationSceneManifest_Generation = YES;
				INFOPLIST_KEY_UIApplicationSupportsIndirectInputEvents = YES;
				INFOPLIST_KEY_UILaunchScreen_Generation = YES;
				INFOPLIST_KEY_UISupportedInterfaceOrientations_iPad = "UIInterfaceOrientationPortrait UIInterfaceOrientationPortraitUpsideDown UIInterfaceOrientationLandscapeLeft UIInterfaceOrientationLandscapeRight";
				INFOPLIST_KEY_UISupportedInterfaceOrientations_iPhone = "UIInterfaceOrientationPortrait UIInterfaceOrientationLandscapeLeft UIInterfaceOrientationLandscapeRight";
				LD_RUNPATH_SEARCH_PATHS = (
					"$(inherited)",
					"@executable_path/Frameworks",
				);
				LIBRARY_SEARCH_PATHS = "$(inherited)";
				MARKETING_VERSION = 1.0;
				PRODUCT_BUNDLE_IDENTIFIER = "abu-aabid.formavoice";
				PRODUCT_NAME = "$(TARGET_NAME)";
				SWIFT_EMIT_LOC_STRINGS = YES;
				SWIFT_VERSION = 5.0;
				TARGETED_DEVICE_FAMILY = "1,2";
			};
			name = Release;
		};
		9DEBA3282E09E5DC000FDFCD /* Debug */ = {
			isa = XCBuildConfiguration;
			buildSettings = {
				BUNDLE_LOADER = "$(TEST_HOST)";
				CODE_SIGN_STYLE = Automatic;
				CURRENT_PROJECT_VERSION = 1;
				DEVELOPMENT_TEAM = CHZPP8J8LH;
				GENERATE_INFOPLIST_FILE = YES;
				IPHONEOS_DEPLOYMENT_TARGET = 18.5;
				MARKETING_VERSION = 1.0;
				PRODUCT_BUNDLE_IDENTIFIER = "abu-aabid.formavoiceTests";
				PRODUCT_NAME = "$(TARGET_NAME)";
				SWIFT_EMIT_LOC_STRINGS = NO;
				SWIFT_VERSION = 5.0;
				TARGETED_DEVICE_FAMILY = "1,2";
				TEST_HOST = "$(BUILT_PRODUCTS_DIR)/formavoice.app/$(BUNDLE_EXECUTABLE_FOLDER_PATH)/formavoice";
			};
			name = Debug;
		};
		9DEBA3292E09E5DC000FDFCD /* Release */ = {
			isa = XCBuildConfiguration;
			buildSettings = {
				BUNDLE_LOADER = "$(TEST_HOST)";
				CODE_SIGN_STYLE = Automatic;
				CURRENT_PROJECT_VERSION = 1;
				DEVELOPMENT_TEAM = CHZPP8J8LH;
				GENERATE_INFOPLIST_FILE = YES;
				IPHONEOS_DEPLOYMENT_TARGET = 18.5;
				MARKETING_VERSION = 1.0;
				PRODUCT_BUNDLE_IDENTIFIER = "abu-aabid.formavoiceTests";
				PRODUCT_NAME = "$(TARGET_NAME)";
				SWIFT_EMIT_LOC_STRINGS = NO;
				SWIFT_VERSION = 5.0;
				TARGETED_DEVICE_FAMILY = "1,2";
				TEST_HOST = "$(BUILT_PRODUCTS_DIR)/formavoice.app/$(BUNDLE_EXECUTABLE_FOLDER_PATH)/formavoice";
			};
			name = Release;
		};
		9DEBA32B2E09E5DC000FDFCD /* Debug */ = {
			isa = XCBuildConfiguration;
			buildSettings = {
				CODE_SIGN_STYLE = Automatic;
				CURRENT_PROJECT_VERSION = 1;
				DEVELOPMENT_TEAM = CHZPP8J8LH;
				GENERATE_INFOPLIST_FILE = YES;
				MARKETING_VERSION = 1.0;
				PRODUCT_BUNDLE_IDENTIFIER = "abu-aabid.formavoiceUITests";
				PRODUCT_NAME = "$(TARGET_NAME)";
				SWIFT_EMIT_LOC_STRINGS = NO;
				SWIFT_VERSION = 5.0;
				TARGETED_DEVICE_FAMILY = "1,2";
				TEST_TARGET_NAME = formavoice;
			};
			name = Debug;
		};
		9DEBA32C2E09E5DC000FDFCD /* Release */ = {
			isa = XCBuildConfiguration;
			buildSettings = {
				CODE_SIGN_STYLE = Automatic;
				CURRENT_PROJECT_VERSION = 1;
				DEVELOPMENT_TEAM = CHZPP8J8LH;
				GENERATE_INFOPLIST_FILE = YES;
				MARKETING_VERSION = 1.0;
				PRODUCT_BUNDLE_IDENTIFIER = "abu-aabid.formavoiceUITests";
				PRODUCT_NAME = "$(TARGET_NAME)";
				SWIFT_EMIT_LOC_STRINGS = NO;
				SWIFT_VERSION = 5.0;
				TARGETED_DEVICE_FAMILY = "1,2";
				TEST_TARGET_NAME = formavoice;
			};
			name = Release;
		};
/* End XCBuildConfiguration section */

/* Begin XCConfigurationList section */
		9DEBA2FC2E09E5DB000FDFCD /* Build configuration list for PBXProject "formavoice" */ = {
			isa = XCConfigurationList;
			buildConfigurations = (
				9DEBA3222E09E5DC000FDFCD /* Debug */,
				9DEBA3232E09E5DC000FDFCD /* Release */,
			);
			defaultConfigurationIsVisible = 0;
			defaultConfigurationName = Release;
		};
		9DEBA3242E09E5DC000FDFCD /* Build configuration list for PBXNativeTarget "formavoice" */ = {
			isa = XCConfigurationList;
			buildConfigurations = (
				9DEBA3252E09E5DC000FDFCD /* Debug */,
				9DEBA3262E09E5DC000FDFCD /* Release */,
			);
			defaultConfigurationIsVisible = 0;
			defaultConfigurationName = Release;
		};
		9DEBA3272E09E5DC000FDFCD /* Build configuration list for PBXNativeTarget "formavoiceTests" */ = {
			isa = XCConfigurationList;
			buildConfigurations = (
				9DEBA3282E09E5DC000FDFCD /* Debug */,
				9DEBA3292E09E5DC000FDFCD /* Release */,
			);
			defaultConfigurationIsVisible = 0;
			defaultConfigurationName = Release;
		};
		9DEBA32A2E09E5DC000FDFCD /* Build configuration list for PBXNativeTarget "formavoiceUITests" */ = {
			isa = XCConfigurationList;
			buildConfigurations = (
				9DEBA32B2E09E5DC000FDFCD /* Debug */,
				9DEBA32C2E09E5DC000FDFCD /* Release */,
			);
			defaultConfigurationIsVisible = 0;
			defaultConfigurationName = Release;
		};
/* End XCConfigurationList section */

/* Begin XCRemoteSwiftPackageReference section */
		9DFFBEC02E0AAD5700C3B914 /* XCRemoteSwiftPackageReference "ZIPFoundation" */ = {
			isa = XCRemoteSwiftPackageReference;
			repositoryURL = "https://github.com/weichsel/ZIPFoundation.git";
			requirement = {
				kind = upToNextMajorVersion;
				minimumVersion = 0.9.19;
			};
		};
/* End XCRemoteSwiftPackageReference section */

/* Begin XCSwiftPackageProductDependency section */
		9DFFBEC12E0AAD5700C3B914 /* ZIPFoundation */ = {
			isa = XCSwiftPackageProductDependency;
			package = 9DFFBEC02E0AAD5700C3B914 /* XCRemoteSwiftPackageReference "ZIPFoundation" */;
			productName = ZIPFoundation;
		};
/* End XCSwiftPackageProductDependency section */
	};
	rootObject = 9DEBA2F92E09E5DB000FDFCD /* Project object */;
}
